# This file is generated by running "yarn install" inside your project.
# Manual changes might be lost - proceed with caution!

__metadata:
  version: 8
  cacheKey: 10c0

"@datadog/datadog-api-client@npm:^1.40.0":
  version: 1.61.0
  resolution: "@datadog/datadog-api-client@npm:1.61.0"
  dependencies:
    "@types/buffer-from": "npm:^1.1.0"
    "@types/node": "npm:*"
    "@types/pako": "npm:^1.0.3"
    buffer-from: "npm:^1.1.2"
    cross-fetch: "npm:^3.1.5"
    form-data: "npm:^4.0.4"
    loglevel: "npm:^1.8.1"
    pako: "npm:^2.0.4"
  checksum: 10c0/667825271a57c11e32618c4c8da733aa19040349a93dbaf97950bece1d47e458c681af07c7057eb54b140d6bc83e5932a7cbbcf1e173e4364022dd1315a88ae2
  languageName: node
  linkType: hard

"@esbuild/aix-ppc64@npm:0.21.5":
  version: 0.21.5
  resolution: "@esbuild/aix-ppc64@npm:0.21.5"
  conditions: os=aix & cpu=ppc64
  languageName: node
  linkType: hard

"@esbuild/android-arm64@npm:0.21.5":
  version: 0.21.5
  resolution: "@esbuild/android-arm64@npm:0.21.5"
  conditions: os=android & cpu=arm64
  languageName: node
  linkType: hard

"@esbuild/android-arm@npm:0.21.5":
  version: 0.21.5
  resolution: "@esbuild/android-arm@npm:0.21.5"
  conditions: os=android & cpu=arm
  languageName: node
  linkType: hard

"@esbuild/android-x64@npm:0.21.5":
  version: 0.21.5
  resolution: "@esbuild/android-x64@npm:0.21.5"
  conditions: os=android & cpu=x64
  languageName: node
  linkType: hard

"@esbuild/darwin-arm64@npm:0.21.5":
  version: 0.21.5
  resolution: "@esbuild/darwin-arm64@npm:0.21.5"
  conditions: os=darwin & cpu=arm64
  languageName: node
  linkType: hard

"@esbuild/darwin-x64@npm:0.21.5":
  version: 0.21.5
  resolution: "@esbuild/darwin-x64@npm:0.21.5"
  conditions: os=darwin & cpu=x64
  languageName: node
  linkType: hard

"@esbuild/freebsd-arm64@npm:0.21.5":
  version: 0.21.5
  resolution: "@esbuild/freebsd-arm64@npm:0.21.5"
  conditions: os=freebsd & cpu=arm64
  languageName: node
  linkType: hard

"@esbuild/freebsd-x64@npm:0.21.5":
  version: 0.21.5
  resolution: "@esbuild/freebsd-x64@npm:0.21.5"
  conditions: os=freebsd & cpu=x64
  languageName: node
  linkType: hard

"@esbuild/linux-arm64@npm:0.21.5":
  version: 0.21.5
  resolution: "@esbuild/linux-arm64@npm:0.21.5"
  conditions: os=linux & cpu=arm64
  languageName: node
  linkType: hard

"@esbuild/linux-arm@npm:0.21.5":
  version: 0.21.5
  resolution: "@esbuild/linux-arm@npm:0.21.5"
  conditions: os=linux & cpu=arm
  languageName: node
  linkType: hard

"@esbuild/linux-ia32@npm:0.21.5":
  version: 0.21.5
  resolution: "@esbuild/linux-ia32@npm:0.21.5"
  conditions: os=linux & cpu=ia32
  languageName: node
  linkType: hard

"@esbuild/linux-loong64@npm:0.21.5":
  version: 0.21.5
  resolution: "@esbuild/linux-loong64@npm:0.21.5"
  conditions: os=linux & cpu=loong64
  languageName: node
  linkType: hard

"@esbuild/linux-mips64el@npm:0.21.5":
  version: 0.21.5
  resolution: "@esbuild/linux-mips64el@npm:0.21.5"
  conditions: os=linux & cpu=mips64el
  languageName: node
  linkType: hard

"@esbuild/linux-ppc64@npm:0.21.5":
  version: 0.21.5
  resolution: "@esbuild/linux-ppc64@npm:0.21.5"
  conditions: os=linux & cpu=ppc64
  languageName: node
  linkType: hard

"@esbuild/linux-riscv64@npm:0.21.5":
  version: 0.21.5
  resolution: "@esbuild/linux-riscv64@npm:0.21.5"
  conditions: os=linux & cpu=riscv64
  languageName: node
  linkType: hard

"@esbuild/linux-s390x@npm:0.21.5":
  version: 0.21.5
  resolution: "@esbuild/linux-s390x@npm:0.21.5"
  conditions: os=linux & cpu=s390x
  languageName: node
  linkType: hard

"@esbuild/linux-x64@npm:0.21.5":
  version: 0.21.5
  resolution: "@esbuild/linux-x64@npm:0.21.5"
  conditions: os=linux & cpu=x64
  languageName: node
  linkType: hard

"@esbuild/netbsd-x64@npm:0.21.5":
  version: 0.21.5
  resolution: "@esbuild/netbsd-x64@npm:0.21.5"
  conditions: os=netbsd & cpu=x64
  languageName: node
  linkType: hard

"@esbuild/openbsd-x64@npm:0.21.5":
  version: 0.21.5
  resolution: "@esbuild/openbsd-x64@npm:0.21.5"
  conditions: os=openbsd & cpu=x64
  languageName: node
  linkType: hard

"@esbuild/sunos-x64@npm:0.21.5":
  version: 0.21.5
  resolution: "@esbuild/sunos-x64@npm:0.21.5"
  conditions: os=sunos & cpu=x64
  languageName: node
  linkType: hard

"@esbuild/win32-arm64@npm:0.21.5":
  version: 0.21.5
  resolution: "@esbuild/win32-arm64@npm:0.21.5"
  conditions: os=win32 & cpu=arm64
  languageName: node
  linkType: hard

"@esbuild/win32-ia32@npm:0.21.5":
  version: 0.21.5
  resolution: "@esbuild/win32-ia32@npm:0.21.5"
  conditions: os=win32 & cpu=ia32
  languageName: node
  linkType: hard

"@esbuild/win32-x64@npm:0.21.5":
  version: 0.21.5
  resolution: "@esbuild/win32-x64@npm:0.21.5"
  conditions: os=win32 & cpu=x64
  languageName: node
  linkType: hard

"@isaacs/fs-minipass@npm:^4.0.0":
  version: 4.0.1
  resolution: "@isaacs/fs-minipass@npm:4.0.1"
  dependencies:
    minipass: "npm:^7.0.4"
  checksum: 10c0/c25b6dc1598790d5b55c0947a9b7d111cfa92594db5296c3b907e2f533c033666f692a3939eadac17b1c7c40d362d0b0635dc874cbfe3e70db7c2b07cc97a5d2
  languageName: node
  linkType: hard

"@jridgewell/sourcemap-codec@npm:^1.5.5":
  version: 1.5.5
  resolution: "@jridgewell/sourcemap-codec@npm:1.5.5"
  checksum: 10c0/f9e538f302b63c0ebc06eecb1dd9918dd4289ed36147a0ddce35d6ea4d7ebbda243cda7b2213b6a5e1d8087a298d5cf630fb2bd39329cdecb82017023f6081a0
  languageName: node
  linkType: hard

"@napi-rs/lzma-linux-x64-gnu@npm:1.5.1":
  version: 1.5.1
  resolution: "@napi-rs/lzma-linux-x64-gnu@npm:1.5.1"
  conditions: os=linux & cpu=x64 & libc=glibc
  languageName: node
  linkType: hard

"@rollup/rollup-android-arm-eabi@npm:4.62.4":
  version: 4.62.4
  resolution: "@rollup/rollup-android-arm-eabi@npm:4.62.4"
  conditions: os=android & cpu=arm
  languageName: node
  linkType: hard

"@rollup/rollup-android-arm64@npm:4.62.4":
  version: 4.62.4
  resolution: "@rollup/rollup-android-arm64@npm:4.62.4"
  conditions: os=android & cpu=arm64
  languageName: node
  linkType: hard

"@rollup/rollup-darwin-arm64@npm:4.62.4":
  version: 4.62.4
  resolution: "@rollup/rollup-darwin-arm64@npm:4.62.4"
  conditions: os=darwin & cpu=arm64
  languageName: node
  linkType: hard

"@rollup/rollup-darwin-x64@npm:4.62.4":
  version: 4.62.4
  resolution: "@rollup/rollup-darwin-x64@npm:4.62.4"
  conditions: os=darwin & cpu=x64
  languageName: node
  linkType: hard

"@rollup/rollup-freebsd-arm64@npm:4.62.4":
  version: 4.62.4
  resolution: "@rollup/rollup-freebsd-arm64@npm:4.62.4"
  conditions: os=freebsd & cpu=arm64
  languageName: node
  linkType: hard

"@rollup/rollup-freebsd-x64@npm:4.62.4":
  version: 4.62.4
  resolution: "@rollup/rollup-freebsd-x64@npm:4.62.4"
  conditions: os=freebsd & cpu=x64
  languageName: node
  linkType: hard

"@rollup/rollup-linux-arm-gnueabihf@npm:4.62.4":
  version: 4.62.4
  resolution: "@rollup/rollup-linux-arm-gnueabihf@npm:4.62.4"
  conditions: os=linux & cpu=arm & libc=glibc
  languageName: node
  linkType: hard

"@rollup/rollup-linux-arm-musleabihf@npm:4.62.4":
  version: 4.62.4
  resolution: "@rollup/rollup-linux-arm-musleabihf@npm:4.62.4"
  conditions: os=linux & cpu=arm & libc=musl
  languageName: node
  linkType: hard

"@rollup/rollup-linux-arm64-gnu@npm:4.62.4":
  version: 4.62.4
  resolution: "@rollup/rollup-linux-arm64-gnu@npm:4.62.4"
  conditions: os=linux & cpu=arm64 & libc=glibc
  languageName: node
  linkType: hard

"@rollup/rollup-linux-arm64-musl@npm:4.62.4":
  version: 4.62.4
  resolution: "@rollup/rollup-linux-arm64-musl@npm:4.62.4"
  conditions: os=linux & cpu=arm64 & libc=musl
  languageName: node
  linkType: hard

"@rollup/rollup-linux-loong64-gnu@npm:4.62.4":
  version: 4.62.4
  resolution: "@rollup/rollup-linux-loong64-gnu@npm:4.62.4"
  conditions: os=linux & cpu=loong64 & libc=glibc
  languageName: node
  linkType: hard

"@rollup/rollup-linux-loong64-musl@npm:4.62.4":
  version: 4.62.4
  resolution: "@rollup/rollup-linux-loong64-musl@npm:4.62.4"
  conditions: os=linux & cpu=loong64 & libc=musl
  languageName: node
  linkType: hard

"@rollup/rollup-linux-ppc64-gnu@npm:4.62.4":
  version: 4.62.4
  resolution: "@rollup/rollup-linux-ppc64-gnu@npm:4.62.4"
  conditions: os=linux & cpu=ppc64 & libc=glibc
  languageName: node
  linkType: hard

"@rollup/rollup-linux-ppc64-musl@npm:4.62.4":
  version: 4.62.4
  resolution: "@rollup/rollup-linux-ppc64-musl@npm:4.62.4"
  conditions: os=linux & cpu=ppc64 & libc=musl
  languageName: node
  linkType: hard

"@rollup/rollup-linux-riscv64-gnu@npm:4.62.4":
  version: 4.62.4
  resolution: "@rollup/rollup-linux-riscv64-gnu@npm:4.62.4"
  conditions: os=linux & cpu=riscv64 & libc=glibc
  languageName: node
  linkType: hard

"@rollup/rollup-linux-riscv64-musl@npm:4.62.4":
  version: 4.62.4
  resolution: "@rollup/rollup-linux-riscv64-musl@npm:4.62.4"
  conditions: os=linux & cpu=riscv64 & libc=musl
  languageName: node
  linkType: hard

"@rollup/rollup-linux-s390x-gnu@npm:4.62.4":
  version: 4.62.4
  resolution: "@rollup/rollup-linux-s390x-gnu@npm:4.62.4"
  conditions: os=linux & cpu=s390x & libc=glibc
  languageName: node
  linkType: hard

"@rollup/rollup-linux-x64-gnu@npm:4.62.4":
  version: 4.62.4
  resolution: "@rollup/rollup-linux-x64-gnu@npm:4.62.4"
  conditions: os=linux & cpu=x64 & libc=glibc
  languageName: node
  linkType: hard

"@rollup/rollup-linux-x64-musl@npm:4.62.4":
  version: 4.62.4
  resolution: "@rollup/rollup-linux-x64-musl@npm:4.62.4"
  conditions: os=linux & cpu=x64 & libc=musl
  languageName: node
  linkType: hard

"@rollup/rollup-openbsd-x64@npm:4.62.4":
  version: 4.62.4
  resolution: "@rollup/rollup-openbsd-x64@npm:4.62.4"
  conditions: os=openbsd & cpu=x64
  languageName: node
  linkType: hard

"@rollup/rollup-openharmony-arm64@npm:4.62.4":
  version: 4.62.4
  resolution: "@rollup/rollup-openharmony-arm64@npm:4.62.4"
  conditions: os=openharmony & cpu=arm64
  languageName: node
  linkType: hard

"@rollup/rollup-win32-arm64-msvc@npm:4.62.4":
  version: 4.62.4
  resolution: "@rollup/rollup-win32-arm64-msvc@npm:4.62.4"
  conditions: os=win32 & cpu=arm64
  languageName: node
  linkType: hard

"@rollup/rollup-win32-ia32-msvc@npm:4.62.4":
  version: 4.62.4
  resolution: "@rollup/rollup-win32-ia32-msvc@npm:4.62.4"
  conditions: os=win32 & cpu=ia32
  languageName: node
  linkType: hard

"@rollup/rollup-win32-x64-gnu@npm:4.62.4":
  version: 4.62.4
  resolution: "@rollup/rollup-win32-x64-gnu@npm:4.62.4"
  conditions: os=win32 & cpu=x64
  languageName: node
  linkType: hard

"@rollup/rollup-win32-x64-msvc@npm:4.62.4":
  version: 4.62.4
  resolution: "@rollup/rollup-win32-x64-msvc@npm:4.62.4"
  conditions: os=win32 & cpu=x64
  languageName: node
  linkType: hard

"@types/buffer-from@npm:^1.1.0":
  version: 1.1.3
  resolution: "@types/buffer-from@npm:1.1.3"
  dependencies:
    "@types/node": "npm:*"
  checksum: 10c0/c8e0e3a9e24085a3af83b8c10ce1630aa3e21d6800263d4bdcb0b734afa75addc02a2ccb1d404f83ccff4619e5100219d3aaae8d558df6709c97e6c458c99e05
  languageName: node
  linkType: hard

"@types/estree@npm:1.0.9, @types/estree@npm:^1.0.0":
  version: 1.0.9
  resolution: "@types/estree@npm:1.0.9"
  checksum: 10c0/3ad3286ca2988cd550dafb8f2ad599c8474868e954fa601a36655bdfefd8039f7c714b8c1c7f2ae219ffbd58bd4660e66fa7479a0120fc02d4777057d4865387
  languageName: node
  linkType: hard

"@types/node@npm:*":
  version: 26.2.0
  resolution: "@types/node@npm:26.2.0"
  dependencies:
    undici-types: "npm:~8.3.0"
  checksum: 10c0/f8566d88162241eb55a46f7e4ea097188eab0aaafefea7a58e63adab8c4144eb98c08b7911452c846104c339a0f82282f5e1ed4b26b578d60709614fe2843f4d
  languageName: node
  linkType: hard

"@types/node@npm:^20.19.0":
  version: 20.19.43
  resolution: "@types/node@npm:20.19.43"
  dependencies:
    undici-types: "npm:~6.21.0"
  checksum: 10c0/9bcec3b5295bdd77ff0b44a528a69f7e22028c347507ba2c69be47ec84e30299f45043b222e9c86c510e138c9c53b2419dd5cd34920602a4a5a381c288075318
  languageName: node
  linkType: hard

"@types/pako@npm:^1.0.3":
  version: 1.0.7
  resolution: "@types/pako@npm:1.0.7"
  checksum: 10c0/1ba133db0b30a974c3d651c85651fd30135f629727b4b4d7ef2649c8f8b01014d5ef41f75399d939e320a50bfa87c32beccbb513badfeaf85d74ea6d5370fdcc
  languageName: node
  linkType: hard

"@vitest/expect@npm:2.1.9":
  version: 2.1.9
  resolution: "@vitest/expect@npm:2.1.9"
  dependencies:
    "@vitest/spy": "npm:2.1.9"
    "@vitest/utils": "npm:2.1.9"
    chai: "npm:^5.1.2"
    tinyrainbow: "npm:^1.2.0"
  checksum: 10c0/98d1cf02917316bebef9e4720723e38298a1c12b3c8f3a81f259bb822de4288edf594e69ff64f0b88afbda6d04d7a4f0c2f720f3fec16b4c45f5e2669f09fdbb
  languageName: node
  linkType: hard

"@vitest/mocker@npm:2.1.9":
  version: 2.1.9
  resolution: "@vitest/mocker@npm:2.1.9"
  dependencies:
    "@vitest/spy": "npm:2.1.9"
    estree-walker: "npm:^3.0.3"
    magic-string: "npm:^0.30.12"
  peerDependencies:
    msw: ^2.4.9
    vite: ^5.0.0
  peerDependenciesMeta:
    msw:
      optional: true
    vite:
      optional: true
  checksum: 10c0/f734490d8d1206a7f44dfdfca459282f5921d73efa72935bb1dc45307578defd38a4131b14853316373ec364cbe910dbc74594ed4137e0da35aa4d9bb716f190
  languageName: node
  linkType: hard

"@vitest/pretty-format@npm:2.1.9, @vitest/pretty-format@npm:^2.1.9":
  version: 2.1.9
  resolution: "@vitest/pretty-format@npm:2.1.9"
  dependencies:
    tinyrainbow: "npm:^1.2.0"
  checksum: 10c0/155f9ede5090eabed2a73361094bb35ed4ec6769ae3546d2a2af139166569aec41bb80e031c25ff2da22b71dd4ed51e5468e66a05e6aeda5f14b32e30bc18f00
  languageName: node
  linkType: hard

"@vitest/runner@npm:2.1.9":
  version: 2.1.9
  resolution: "@vitest/runner@npm:2.1.9"
  dependencies:
    "@vitest/utils": "npm:2.1.9"
    pathe: "npm:^1.1.2"
  checksum: 10c0/e81f176badb12a815cbbd9bd97e19f7437a0b64e8934d680024b0f768d8670d59cad698ef0e3dada5241b6731d77a7bb3cd2c7cb29f751fd4dd35eb11c42963a
  languageName: node
  linkType: hard

"@vitest/snapshot@npm:2.1.9":
  version: 2.1.9
  resolution: "@vitest/snapshot@npm:2.1.9"
  dependencies:
    "@vitest/pretty-format": "npm:2.1.9"
    magic-string: "npm:^0.30.12"
    pathe: "npm:^1.1.2"
  checksum: 10c0/394974b3a1fe96186a3c87f933b2f7f1f7b7cc42f9c781d80271dbb4c987809bf035fecd7398b8a3a2d54169e3ecb49655e38a0131d0e7fea5ce88960613b526
  languageName: node
  linkType: hard

"@vitest/spy@npm:2.1.9":
  version: 2.1.9
  resolution: "@vitest/spy@npm:2.1.9"
  dependencies:
    tinyspy: "npm:^3.0.2"
  checksum: 10c0/12a59b5095e20188b819a1d797e0a513d991b4e6a57db679927c43b362a3eff52d823b34e855a6dd9e73c9fa138dcc5ef52210841a93db5cbf047957a60ca83c
  languageName: node
  linkType: hard

"@vitest/utils@npm:2.1.9":
  version: 2.1.9
  resolution: "@vitest/utils@npm:2.1.9"
  dependencies:
    "@vitest/pretty-format": "npm:2.1.9"
    loupe: "npm:^3.1.2"
    tinyrainbow: "npm:^1.2.0"
  checksum: 10c0/81a346cd72b47941f55411f5df4cc230e5f740d1e97e0d3f771b27f007266fc1f28d0438582f6409ea571bc0030ed37f684c64c58d1947d6298d770c21026fdf
  languageName: node
  linkType: hard

"abbrev@npm:^5.0.0":
  version: 5.0.0
  resolution: "abbrev@npm:5.0.0"
  checksum: 10c0/8e88f5c798ea4562d28c5a3e9ad69e3879890bc5d695d8f2dffb8609be4c890aacc8f80ef4553fdd2c6a62d70c2ce8bc57b38074e383beb7487bdafa9ed42ea5
  languageName: node
  linkType: hard

"assertion-error@npm:^2.0.1":
  version: 2.0.1
  resolution: "assertion-error@npm:2.0.1"
  checksum: 10c0/bbbcb117ac6480138f8c93cf7f535614282dea9dc828f540cdece85e3c665e8f78958b96afac52f29ff883c72638e6a87d469ecc9fe5bc902df03ed24a55dba8
  languageName: node
  linkType: hard

"async-function@npm:^1.0.0":
  version: 1.0.0
  resolution: "async-function@npm:1.0.0"
  checksum: 10c0/669a32c2cb7e45091330c680e92eaeb791bc1d4132d827591e499cd1f776ff5a873e77e5f92d0ce795a8d60f10761dec9ddfe7225a5de680f5d357f67b1aac73
  languageName: node
  linkType: hard

"async-generator-function@npm:^1.0.0":
  version: 1.0.0
  resolution: "async-generator-function@npm:1.0.0"
  checksum: 10c0/2c50ef856c543ad500d8d8777d347e3c1ba623b93e99c9263ecc5f965c1b12d2a140e2ab6e43c3d0b85366110696f28114649411cbcd10b452a92a2318394186
  languageName: node
  linkType: hard

"asynckit@npm:^0.4.0":
  version: 0.4.0
  resolution: "asynckit@npm:0.4.0"
  checksum: 10c0/d73e2ddf20c4eb9337e1b3df1a0f6159481050a5de457c55b14ea2e5cb6d90bb69e004c9af54737a5ee0917fcf2c9e25de67777bbe58261847846066ba75bc9d
  languageName: node
  linkType: hard

"buffer-from@npm:^1.1.2":
  version: 1.1.2
  resolution: "buffer-from@npm:1.1.2"
  checksum: 10c0/124fff9d66d691a86d3b062eff4663fe437a9d9ee4b47b1b9e97f5a5d14f6d5399345db80f796827be7c95e70a8e765dd404b7c3ff3b3324f98e9b0c8826cc34
  languageName: node
  linkType: hard

"cac@npm:^6.7.14":
  version: 6.7.14
  resolution: "cac@npm:6.7.14"
  checksum: 10c0/4ee06aaa7bab8981f0d54e5f5f9d4adcd64058e9697563ce336d8a3878ed018ee18ebe5359b2430eceae87e0758e62ea2019c3f52ae6e211b1bd2e133856cd10
  languageName: node
  linkType: hard

"call-bind-apply-helpers@npm:^1.0.1, call-bind-apply-helpers@npm:^1.0.2":
  version: 1.0.2
  resolution: "call-bind-apply-helpers@npm:1.0.2"
  dependencies:
    es-errors: "npm:^1.3.0"
    function-bind: "npm:^1.1.2"
  checksum: 10c0/47bd9901d57b857590431243fea704ff18078b16890a6b3e021e12d279bbf211d039155e27d7566b374d49ee1f8189344bac9833dec7a20cdec370506361c938
  languageName: node
  linkType: hard

"chai@npm:^5.1.2":
  version: 5.3.3
  resolution: "chai@npm:5.3.3"
  dependencies:
    assertion-error: "npm:^2.0.1"
    check-error: "npm:^2.1.1"
    deep-eql: "npm:^5.0.1"
    loupe: "npm:^3.1.0"
    pathval: "npm:^2.0.0"
  checksum: 10c0/b360fd4d38861622e5010c2f709736988b05c7f31042305fa3f4e9911f6adb80ccfb4e302068bf8ed10e835c2e2520cba0f5edc13d878b886987e5aa62483f53
  languageName: node
  linkType: hard

"check-error@npm:^2.1.1":
  version: 2.1.3
  resolution: "check-error@npm:2.1.3"
  checksum: 10c0/878e99038fb6476316b74668cd6a498c7e66df3efe48158fa40db80a06ba4258742ac3ee2229c4a2a98c5e73f5dff84eb3e50ceb6b65bbd8f831eafc8338607d
  languageName: node
  linkType: hard

"chownr@npm:^3.0.0":
  version: 3.0.0
  resolution: "chownr@npm:3.0.0"
  checksum: 10c0/43925b87700f7e3893296c8e9c56cc58f926411cce3a6e5898136daaf08f08b9a8eb76d37d3267e707d0dcc17aed2e2ebdf5848c0c3ce95cf910a919935c1b10
  languageName: node
  linkType: hard

"combined-stream@npm:^1.0.8":
  version: 1.0.8
  resolution: "combined-stream@npm:1.0.8"
  dependencies:
    delayed-stream: "npm:~1.0.0"
  checksum: 10c0/0dbb829577e1b1e839fa82b40c07ffaf7de8a09b935cadd355a73652ae70a88b4320db322f6634a4ad93424292fa80973ac6480986247f1734a1137debf271d5
  languageName: node
  linkType: hard

"cross-fetch@npm:^3.1.5":
  version: 3.2.0
  resolution: "cross-fetch@npm:3.2.0"
  dependencies:
    node-fetch: "npm:^2.7.0"
  checksum: 10c0/d8596adf0269130098a676f6739a0922f3cc7b71cc89729925411ebe851a87026171c82ea89154c4811c9867c01c44793205a52e618ce2684650218c7fbeeb9f
  languageName: node
  linkType: hard

"debug@npm:^4.3.7":
  version: 4.4.3
  resolution: "debug@npm:4.4.3"
  dependencies:
    ms: "npm:^2.1.3"
  peerDependenciesMeta:
    supports-color:
      optional: true
  checksum: 10c0/d79136ec6c83ecbefd0f6a5593da6a9c91ec4d7ddc4b54c883d6e71ec9accb5f67a1a5e96d00a328196b5b5c86d365e98d8a3a70856aaf16b4e7b1985e67f5a6
  languageName: node
  linkType: hard

"deep-eql@npm:^5.0.1":
  version: 5.0.2
  resolution: "deep-eql@npm:5.0.2"
  checksum: 10c0/7102cf3b7bb719c6b9c0db2e19bf0aa9318d141581befe8c7ce8ccd39af9eaa4346e5e05adef7f9bd7015da0f13a3a25dcfe306ef79dc8668aedbecb658dd247
  languageName: node
  linkType: hard

"delayed-stream@npm:~1.0.0":
  version: 1.0.0
  resolution: "delayed-stream@npm:1.0.0"
  checksum: 10c0/d758899da03392e6712f042bec80aa293bbe9e9ff1b2634baae6a360113e708b91326594c8a486d475c69d6259afb7efacdc3537bfcda1c6c648e390ce601b19
  languageName: node
  linkType: hard

"dunder-proto@npm:^1.0.1":
  version: 1.0.1
  resolution: "dunder-proto@npm:1.0.1"
  dependencies:
    call-bind-apply-helpers: "npm:^1.0.1"
    es-errors: "npm:^1.3.0"
    gopd: "npm:^1.2.0"
  checksum: 10c0/199f2a0c1c16593ca0a145dbf76a962f8033ce3129f01284d48c45ed4e14fea9bbacd7b3610b6cdc33486cef20385ac054948fefc6272fcce645c09468f93031
  languageName: node
  linkType: hard

"env-paths@npm:^2.2.0":
  version: 2.2.1
  resolution: "env-paths@npm:2.2.1"
  checksum: 10c0/285325677bf00e30845e330eec32894f5105529db97496ee3f598478e50f008c5352a41a30e5e72ec9de8a542b5a570b85699cd63bd2bc646dbcb9f311d83bc4
  languageName: node
  linkType: hard

"es-define-property@npm:^1.0.1":
  version: 1.0.1
  resolution: "es-define-property@npm:1.0.1"
  checksum: 10c0/3f54eb49c16c18707949ff25a1456728c883e81259f045003499efba399c08bad00deebf65cccde8c0e07908c1a225c9d472b7107e558f2a48e28d530e34527c
  languageName: node
  linkType: hard

"es-errors@npm:^1.3.0":
  version: 1.3.0
  resolution: "es-errors@npm:1.3.0"
  checksum: 10c0/0a61325670072f98d8ae3b914edab3559b6caa980f08054a3b872052640d91da01d38df55df797fcc916389d77fc92b8d5906cf028f4db46d7e3003abecbca85
  languageName: node
  linkType: hard

"es-module-lexer@npm:^1.5.4":
  version: 1.7.0
  resolution: "es-module-lexer@npm:1.7.0"
  checksum: 10c0/4c935affcbfeba7fb4533e1da10fa8568043df1e3574b869385980de9e2d475ddc36769891936dbb07036edb3c3786a8b78ccf44964cd130dedc1f2c984b6c7b
  languageName: node
  linkType: hard

"es-object-atoms@npm:^1.0.0, es-object-atoms@npm:^1.1.1":
  version: 1.1.2
  resolution: "es-object-atoms@npm:1.1.2"
  dependencies:
    es-errors: "npm:^1.3.0"
  checksum: 10c0/1772861f094f739d6f41b579cfb9a18579daffeb434552a370a5fbef50a32d22227e27b63fdbb757b7ddd429d1b42fe52ccae7966d9302a2ec221b6f1b41bbc4
  languageName: node
  linkType: hard

"es-set-tostringtag@npm:^2.1.0":
  version: 2.1.0
  resolution: "es-set-tostringtag@npm:2.1.0"
  dependencies:
    es-errors: "npm:^1.3.0"
    get-intrinsic: "npm:^1.2.6"
    has-tostringtag: "npm:^1.0.2"
    hasown: "npm:^2.0.2"
  checksum: 10c0/ef2ca9ce49afe3931cb32e35da4dcb6d86ab02592cfc2ce3e49ced199d9d0bb5085fc7e73e06312213765f5efa47cc1df553a6a5154584b21448e9fb8355b1af
  languageName: node
  linkType: hard

"esbuild@npm:^0.21.3":
  version: 0.21.5
  resolution: "esbuild@npm:0.21.5"
  dependencies:
    "@esbuild/aix-ppc64": "npm:0.21.5"
    "@esbuild/android-arm": "npm:0.21.5"
    "@esbuild/android-arm64": "npm:0.21.5"
    "@esbuild/android-x64": "npm:0.21.5"
    "@esbuild/darwin-arm64": "npm:0.21.5"
    "@esbuild/darwin-x64": "npm:0.21.5"
    "@esbuild/freebsd-arm64": "npm:0.21.5"
    "@esbuild/freebsd-x64": "npm:0.21.5"
    "@esbuild/linux-arm": "npm:0.21.5"
    "@esbuild/linux-arm64": "npm:0.21.5"
    "@esbuild/linux-ia32": "npm:0.21.5"
    "@esbuild/linux-loong64": "npm:0.21.5"
    "@esbuild/linux-mips64el": "npm:0.21.5"
    "@esbuild/linux-ppc64": "npm:0.21.5"
    "@esbuild/linux-riscv64": "npm:0.21.5"
    "@esbuild/linux-s390x": "npm:0.21.5"
    "@esbuild/linux-x64": "npm:0.21.5"
    "@esbuild/netbsd-x64": "npm:0.21.5"
    "@esbuild/openbsd-x64": "npm:0.21.5"
    "@esbuild/sunos-x64": "npm:0.21.5"
    "@esbuild/win32-arm64": "npm:0.21.5"
    "@esbuild/win32-ia32": "npm:0.21.5"
    "@esbuild/win32-x64": "npm:0.21.5"
  dependenciesMeta:
    "@esbuild/aix-ppc64":
      optional: true
    "@esbuild/android-arm":
      optional: true
    "@esbuild/android-arm64":
      optional: true
    "@esbuild/android-x64":
      optional: true
    "@esbuild/darwin-arm64":
      optional: true
    "@esbuild/darwin-x64":
      optional: true
    "@esbuild/freebsd-arm64":
      optional: true
    "@esbuild/freebsd-x64":
      optional: true
    "@esbuild/linux-arm":
      optional: true
    "@esbuild/linux-arm64":
      optional: true
    "@esbuild/linux-ia32":
      optional: true
    "@esbuild/linux-loong64":
      optional: true
    "@esbuild/linux-mips64el":
      optional: true
    "@esbuild/linux-ppc64":
      optional: true
    "@esbuild/linux-riscv64":
      optional: true
    "@esbuild/linux-s390x":
      optional: true
    "@esbuild/linux-x64":
      optional: true
    "@esbuild/netbsd-x64":
      optional: true
    "@esbuild/openbsd-x64":
      optional: true
    "@esbuild/sunos-x64":
      optional: true
    "@esbuild/win32-arm64":
      optional: true
    "@esbuild/win32-ia32":
      optional: true
    "@esbuild/win32-x64":
      optional: true
  bin:
    esbuild: bin/esbuild
  checksum: 10c0/fa08508adf683c3f399e8a014a6382a6b65542213431e26206c0720e536b31c09b50798747c2a105a4bbba1d9767b8d3615a74c2f7bf1ddf6d836cd11eb672de
  languageName: node
  linkType: hard

"estree-walker@npm:^3.0.3":
  version: 3.0.3
  resolution: "estree-walker@npm:3.0.3"
  dependencies:
    "@types/estree": "npm:^1.0.0"
  checksum: 10c0/c12e3c2b2642d2bcae7d5aa495c60fa2f299160946535763969a1c83fc74518ffa9c2cd3a8b69ac56aea547df6a8aac25f729a342992ef0bbac5f1c73e78995d
  languageName: node
  linkType: hard

"expect-type@npm:^1.1.0":
  version: 1.4.0
  resolution: "expect-type@npm:1.4.0"
  checksum: 10c0/d40d76b8570695d36587beb3cc28494da2ca3ec8f04e67f5622ed2d372d850e401a9adef19c6835e1a8173903f157c79540b34c7b3fbd7cd8ce726cc903c57b7
  languageName: node
  linkType: hard

"exponential-backoff@npm:^3.1.1":
  version: 3.1.3
  resolution: "exponential-backoff@npm:3.1.3"
  checksum: 10c0/77e3ae682b7b1f4972f563c6dbcd2b0d54ac679e62d5d32f3e5085feba20483cf28bd505543f520e287a56d4d55a28d7874299941faf637e779a1aa5994d1267
  languageName: node
  linkType: hard

"fdir@npm:^6.5.0":
  version: 6.5.0
  resolution: "fdir@npm:6.5.0"
  peerDependencies:
    picomatch: ^3 || ^4
  peerDependenciesMeta:
    picomatch:
      optional: true
  checksum: 10c0/e345083c4306b3aed6cb8ec551e26c36bab5c511e99ea4576a16750ddc8d3240e63826cc624f5ae17ad4dc82e68a253213b60d556c11bfad064b7607847ed07f
  languageName: node
  linkType: hard

"form-data@npm:^4.0.4":
  version: 4.0.6
  resolution: "form-data@npm:4.0.6"
  dependencies:
    asynckit: "npm:^0.4.0"
    combined-stream: "npm:^1.0.8"
    es-set-tostringtag: "npm:^2.1.0"
    hasown: "npm:^2.0.4"
    mime-types: "npm:^2.1.35"
  checksum: 10c0/43947a77bf0ff45c6ceed789778982d47a3f3e720a74b71721174ebf3310a5f1a8be1d6b38a3ee3688e8a18a2c4273073ec0844cd37efda3eaf46d41c9c318ff
  languageName: node
  linkType: hard

"fsevents@npm:~2.3.2, fsevents@npm:~2.3.3":
  version: 2.3.3
  resolution: "fsevents@npm:2.3.3"
  dependencies:
    node-gyp: "npm:latest"
  checksum: 10c0/a1f0c44595123ed717febbc478aa952e47adfc28e2092be66b8ab1635147254ca6cfe1df792a8997f22716d4cbafc73309899ff7bfac2ac3ad8cf2e4ecc3ec60
  conditions: os=darwin
  languageName: node
  linkType: hard

"fsevents@patch:fsevents@npm%3A~2.3.2#optional!builtin<compat/fsevents>, fsevents@patch:fsevents@npm%3A~2.3.3#optional!builtin<compat/fsevents>":
  version: 2.3.3
  resolution: "fsevents@patch:fsevents@npm%3A2.3.3#optional!builtin<compat/fsevents>::version=2.3.3&hash=df0bf1"
  dependencies:
    node-gyp: "npm:latest"
  conditions: os=darwin
  languageName: node
  linkType: hard

"function-bind@npm:^1.1.2":
  version: 1.1.2
  resolution: "function-bind@npm:1.1.2"
  checksum: 10c0/d8680ee1e5fcd4c197e4ac33b2b4dce03c71f4d91717292785703db200f5c21f977c568d28061226f9b5900cbcd2c84463646134fd5337e7925e0942bc3f46d5
  languageName: node
  linkType: hard

"generator-function@npm:^2.0.0":
  version: 2.0.1
  resolution: "generator-function@npm:2.0.1"
  checksum: 10c0/8a9f59df0f01cfefafdb3b451b80555e5cf6d76487095db91ac461a0e682e4ff7a9dbce15f4ecec191e53586d59eece01949e05a4b4492879600bbbe8e28d6b8
  languageName: node
  linkType: hard

"get-intrinsic@npm:^1.2.6":
  version: 1.3.1
  resolution: "get-intrinsic@npm:1.3.1"
  dependencies:
    async-function: "npm:^1.0.0"
    async-generator-function: "npm:^1.0.0"
    call-bind-apply-helpers: "npm:^1.0.2"
    es-define-property: "npm:^1.0.1"
    es-errors: "npm:^1.3.0"
    es-object-atoms: "npm:^1.1.1"
    function-bind: "npm:^1.1.2"
    generator-function: "npm:^2.0.0"
    get-proto: "npm:^1.0.1"
    gopd: "npm:^1.2.0"
    has-symbols: "npm:^1.1.0"
    hasown: "npm:^2.0.2"
    math-intrinsics: "npm:^1.1.0"
  checksum: 10c0/9f4ab0cf7efe0fd2c8185f52e6f637e708f3a112610c88869f8f041bb9ecc2ce44bf285dfdbdc6f4f7c277a5b88d8e94a432374d97cca22f3de7fc63795deb5d
  languageName: node
  linkType: hard

"get-proto@npm:^1.0.1":
  version: 1.0.1
  resolution: "get-proto@npm:1.0.1"
  dependencies:
    dunder-proto: "npm:^1.0.1"
    es-object-atoms: "npm:^1.0.0"
  checksum: 10c0/9224acb44603c5526955e83510b9da41baf6ae73f7398875fba50edc5e944223a89c4a72b070fcd78beb5f7bdda58ecb6294adc28f7acfc0da05f76a2399643c
  languageName: node
  linkType: hard

"gopd@npm:^1.2.0":
  version: 1.2.0
  resolution: "gopd@npm:1.2.0"
  checksum: 10c0/50fff1e04ba2b7737c097358534eacadad1e68d24cccee3272e04e007bed008e68d2614f3987788428fd192a5ae3889d08fb2331417e4fc4a9ab366b2043cead
  languageName: node
  linkType: hard

"graceful-fs@npm:^4.2.6":
  version: 4.2.11
  resolution: "graceful-fs@npm:4.2.11"
  checksum: 10c0/386d011a553e02bc594ac2ca0bd6d9e4c22d7fa8cfbfc448a6d148c59ea881b092db9dbe3547ae4b88e55f1b01f7c4a2ecc53b310c042793e63aa44cf6c257f2
  languageName: node
  linkType: hard

"has-symbols@npm:^1.0.3, has-symbols@npm:^1.1.0":
  version: 1.1.0
  resolution: "has-symbols@npm:1.1.0"
  checksum: 10c0/dde0a734b17ae51e84b10986e651c664379018d10b91b6b0e9b293eddb32f0f069688c841fb40f19e9611546130153e0a2a48fd7f512891fb000ddfa36f5a20e
  languageName: node
  linkType: hard

"has-tostringtag@npm:^1.0.2":
  version: 1.0.2
  resolution: "has-tostringtag@npm:1.0.2"
  dependencies:
    has-symbols: "npm:^1.0.3"
  checksum: 10c0/a8b166462192bafe3d9b6e420a1d581d93dd867adb61be223a17a8d6dad147aa77a8be32c961bb2f27b3ef893cae8d36f564ab651f5e9b7938ae86f74027c48c
  languageName: node
  linkType: hard

"hasown@npm:^2.0.2, hasown@npm:^2.0.4":
  version: 2.0.4
  resolution: "hasown@npm:2.0.4"
  dependencies:
    function-bind: "npm:^1.1.2"
  checksum: 10c0/2d8de939e270b70618f8cebb69746620db10617dbb495bc66ddad326955ea24d3ca4af133aff3eb7c1853e0218f867bc2b050ec26fe02e3aea58f880ffc5e506
  languageName: node
  linkType: hard

"isexe@npm:^4.0.0":
  version: 4.0.0
  resolution: "isexe@npm:4.0.0"
  checksum: 10c0/5884815115bceac452877659a9c7726382531592f43dc29e5d48b7c4100661aed54018cb90bd36cb2eaeba521092570769167acbb95c18d39afdccbcca06c5ce
  languageName: node
  linkType: hard

"loglevel@npm:^1.8.1":
  version: 1.9.2
  resolution: "loglevel@npm:1.9.2"
  checksum: 10c0/1e317fa4648fe0b4a4cffef6de037340592cee8547b07d4ce97a487abe9153e704b98451100c799b032c72bb89c9366d71c9fb8192ada8703269263ae77acdc7
  languageName: node
  linkType: hard

"loupe@npm:^3.1.0, loupe@npm:^3.1.2":
  version: 3.2.1
  resolution: "loupe@npm:3.2.1"
  checksum: 10c0/910c872cba291309664c2d094368d31a68907b6f5913e989d301b5c25f30e97d76d77f23ab3bf3b46d0f601ff0b6af8810c10c31b91d2c6b2f132809ca2cc705
  languageName: node
  linkType: hard

"magic-string@npm:^0.30.12":
  version: 0.30.21
  resolution: "magic-string@npm:0.30.21"
  dependencies:
    "@jridgewell/sourcemap-codec": "npm:^1.5.5"
  checksum: 10c0/299378e38f9a270069fc62358522ddfb44e94244baa0d6a8980ab2a9b2490a1d03b236b447eee309e17eb3bddfa482c61259d47960eb018a904f0ded52780c4a
  languageName: node
  linkType: hard

"math-intrinsics@npm:^1.1.0":
  version: 1.1.0
  resolution: "math-intrinsics@npm:1.1.0"
  checksum: 10c0/7579ff94e899e2f76ab64491d76cf606274c874d8f2af4a442c016bd85688927fcfca157ba6bf74b08e9439dc010b248ce05b96cc7c126a354c3bae7fcb48b7f
  languageName: node
  linkType: hard

"mime-db@npm:1.52.0":
  version: 1.52.0
  resolution: "mime-db@npm:1.52.0"
  checksum: 10c0/0557a01deebf45ac5f5777fe7740b2a5c309c6d62d40ceab4e23da9f821899ce7a900b7ac8157d4548ddbb7beffe9abc621250e6d182b0397ec7f10c7b91a5aa
  languageName: node
  linkType: hard

"mime-types@npm:^2.1.35":
  version: 2.1.35
  resolution: "mime-types@npm:2.1.35"
  dependencies:
    mime-db: "npm:1.52.0"
  checksum: 10c0/82fb07ec56d8ff1fc999a84f2f217aa46cb6ed1033fefaabd5785b9a974ed225c90dc72fff460259e66b95b73648596dbcc50d51ed69cdf464af2d237d3149b2
  languageName: node
  linkType: hard

"minipass@npm:^7.0.4, minipass@npm:^7.1.2":
  version: 7.1.3
  resolution: "minipass@npm:7.1.3"
  checksum: 10c0/539da88daca16533211ea5a9ee98dc62ff5742f531f54640dd34429e621955e91cc280a91a776026264b7f9f6735947629f920944e9c1558369e8bf22eb33fbb
  languageName: node
  linkType: hard

"minizlib@npm:^3.1.0":
  version: 3.1.0
  resolution: "minizlib@npm:3.1.0"
  dependencies:
    minipass: "npm:^7.1.2"
  checksum: 10c0/5aad75ab0090b8266069c9aabe582c021ae53eb33c6c691054a13a45db3b4f91a7fb1bd79151e6b4e9e9a86727b522527c0a06ec7d45206b745d54cd3097bcec
  languageName: node
  linkType: hard

"ms@npm:^2.1.3":
  version: 2.1.3
  resolution: "ms@npm:2.1.3"
  checksum: 10c0/d924b57e7312b3b63ad21fc5b3dc0af5e78d61a1fc7cfb5457edaf26326bf62be5307cc87ffb6862ef1c2b33b0233cdb5d4f01c4c958cc0d660948b65a287a48
  languageName: node
  linkType: hard

"nanoid@npm:^3.3.17":
  version: 3.3.18
  resolution: "nanoid@npm:3.3.18"
  bin:
    nanoid: bin/nanoid.cjs
  checksum: 10c0/b994b4e396730f8be2520923284e2040d61eaee55cc6d4935ef6d38d34bafdc46133eda4d3faea5073bda545aa6079d82b886caeac5c731cf9ac18bcc1301425
  languageName: node
  linkType: hard

"node-fetch@npm:^2.7.0":
  version: 2.7.0
  resolution: "node-fetch@npm:2.7.0"
  dependencies:
    whatwg-url: "npm:^5.0.0"
  peerDependencies:
    encoding: ^0.1.0
  peerDependenciesMeta:
    encoding:
      optional: true
  checksum: 10c0/b55786b6028208e6fbe594ccccc213cab67a72899c9234eb59dba51062a299ea853210fcf526998eaa2867b0963ad72338824450905679ff0fa304b8c5093ae8
  languageName: node
  linkType: hard

"node-gyp@npm:latest":
  version: 13.0.1
  resolution: "node-gyp@npm:13.0.1"
  dependencies:
    env-paths: "npm:^2.2.0"
    exponential-backoff: "npm:^3.1.1"
    graceful-fs: "npm:^4.2.6"
    nopt: "npm:^10.0.0"
    proc-log: "npm:^7.0.0"
    semver: "npm:^7.3.5"
    tar: "npm:^7.5.4"
    tinyglobby: "npm:^0.2.12"
    undici: "npm:^8.4.1"
    which: "npm:^7.0.0"
  bin:
    node-gyp: bin/node-gyp.js
  checksum: 10c0/424077bc9e9bbe953a8e86db473ba818cbc6a121714008c977fd589e21e5f0c811fbf22faac730dc7182450b5e52df301811d01ae3373898658d999b7710f4e6
  languageName: node
  linkType: hard

"nopt@npm:^10.0.0":
  version: 10.0.1
  resolution: "nopt@npm:10.0.1"
  dependencies:
    abbrev: "npm:^5.0.0"
  bin:
    nopt: bin/nopt.js
  checksum: 10c0/980d89257f9587f3e1f77877ddbf905d6aa3b738ec33e49a4fa1a059a0dd82eb28063982b150654a7ae9de386f2ead60e56172db7d37cf56de545f7392a2a26a
  languageName: node
  linkType: hard

"pako@npm:^2.0.4":
  version: 2.2.0
  resolution: "pako@npm:2.2.0"
  checksum: 10c0/e5d31de1940fdd13cc4014296b0026112483d0834bce4856ca29c8af8438d030c6416986a0f6df7d5372cae18d6dd6c57f48b24a49d6c207c0a4cc66af15c07d
  languageName: node
  linkType: hard

"pathe@npm:^1.1.2":
  version: 1.1.2
  resolution: "pathe@npm:1.1.2"
  checksum: 10c0/64ee0a4e587fb0f208d9777a6c56e4f9050039268faaaaecd50e959ef01bf847b7872785c36483fa5cdcdbdfdb31fef2ff222684d4fc21c330ab60395c681897
  languageName: node
  linkType: hard

"pathval@npm:^2.0.0":
  version: 2.0.1
  resolution: "pathval@npm:2.0.1"
  checksum: 10c0/460f4709479fbf2c45903a65655fc8f0a5f6d808f989173aeef5fdea4ff4f303dc13f7870303999add60ec49d4c14733895c0a869392e9866f1091fa64fd7581
  languageName: node
  linkType: hard

"picocolors@npm:^1.1.1":
  version: 1.1.1
  resolution: "picocolors@npm:1.1.1"
  checksum: 10c0/e2e3e8170ab9d7c7421969adaa7e1b31434f789afb9b3f115f6b96d91945041ac3ceb02e9ec6fe6510ff036bcc0bf91e69a1772edc0b707e12b19c0f2d6bcf58
  languageName: node
  linkType: hard

"picomatch@npm:^4.0.4":
  version: 4.0.5
  resolution: "picomatch@npm:4.0.5"
  checksum: 10c0/947bc6b6e1ff1e6c5aaf95b107a0839d12802f4f7b867663f67d47accba939ca1cb582cf99dfc30438efa1c4648ac5990967e783e8929c36b03e8440704ef1bd
  languageName: node
  linkType: hard

"postcss@npm:^8.4.43":
  version: 8.5.26
  resolution: "postcss@npm:8.5.26"
  dependencies:
    nanoid: "npm:^3.3.17"
    picocolors: "npm:^1.1.1"
    source-map-js: "npm:^1.2.1"
  checksum: 10c0/2bdafc00d96bd57b6649a52e458864a4bf58ee56cfdbe4aea1472b5cccc127e6c1ad653bd0bec50d211e650eb0b9270c80e1e72aff2e2fa40d9e7363234d6e43
  languageName: node
  linkType: hard

"proc-log@npm:^7.0.0":
  version: 7.0.0
  resolution: "proc-log@npm:7.0.0"
  checksum: 10c0/b89c2d862604f35fec795477b0c7e376feab3ba0d4f4d291c4e959567442697cf451ac557d0623c1cc38af45a78128b983410f397a10c5d3a67f76c33de4754b
  languageName: node
  linkType: hard

"rollup@npm:^4.20.0":
  version: 4.62.4
  resolution: "rollup@npm:4.62.4"
  dependencies:
    "@napi-rs/lzma-linux-x64-gnu": "npm:1.5.1"
    "@rollup/rollup-android-arm-eabi": "npm:4.62.4"
    "@rollup/rollup-android-arm64": "npm:4.62.4"
    "@rollup/rollup-darwin-arm64": "npm:4.62.4"
    "@rollup/rollup-darwin-x64": "npm:4.62.4"
    "@rollup/rollup-freebsd-arm64": "npm:4.62.4"
    "@rollup/rollup-freebsd-x64": "npm:4.62.4"
    "@rollup/rollup-linux-arm-gnueabihf": "npm:4.62.4"
    "@rollup/rollup-linux-arm-musleabihf": "npm:4.62.4"
    "@rollup/rollup-linux-arm64-gnu": "npm:4.62.4"
    "@rollup/rollup-linux-arm64-musl": "npm:4.62.4"
    "@rollup/rollup-linux-loong64-gnu": "npm:4.62.4"
    "@rollup/rollup-linux-loong64-musl": "npm:4.62.4"
    "@rollup/rollup-linux-ppc64-gnu": "npm:4.62.4"
    "@rollup/rollup-linux-ppc64-musl": "npm:4.62.4"
    "@rollup/rollup-linux-riscv64-gnu": "npm:4.62.4"
    "@rollup/rollup-linux-riscv64-musl": "npm:4.62.4"
    "@rollup/rollup-linux-s390x-gnu": "npm:4.62.4"
    "@rollup/rollup-linux-x64-gnu": "npm:4.62.4"
    "@rollup/rollup-linux-x64-musl": "npm:4.62.4"
    "@rollup/rollup-openbsd-x64": "npm:4.62.4"
    "@rollup/rollup-openharmony-arm64": "npm:4.62.4"
    "@rollup/rollup-win32-arm64-msvc": "npm:4.62.4"
    "@rollup/rollup-win32-ia32-msvc": "npm:4.62.4"
    "@rollup/rollup-win32-x64-gnu": "npm:4.62.4"
    "@rollup/rollup-win32-x64-msvc": "npm:4.62.4"
    "@types/estree": "npm:1.0.9"
    fsevents: "npm:~2.3.2"
  dependenciesMeta:
    "@napi-rs/lzma-linux-x64-gnu":
      optional: true
    "@rollup/rollup-android-arm-eabi":
      optional: true
    "@rollup/rollup-android-arm64":
      optional: true
    "@rollup/rollup-darwin-arm64":
      optional: true
    "@rollup/rollup-darwin-x64":
      optional: true
    "@rollup/rollup-freebsd-arm64":
      optional: true
    "@rollup/rollup-freebsd-x64":
      optional: true
    "@rollup/rollup-linux-arm-gnueabihf":
      optional: true
    "@rollup/rollup-linux-arm-musleabihf":
      optional: true
    "@rollup/rollup-linux-arm64-gnu":
      optional: true
    "@rollup/rollup-linux-arm64-musl":
      optional: true
    "@rollup/rollup-linux-loong64-gnu":
      optional: true
    "@rollup/rollup-linux-loong64-musl":
      optional: true
    "@rollup/rollup-linux-ppc64-gnu":
      optional: true
    "@rollup/rollup-linux-ppc64-musl":
      optional: true
    "@rollup/rollup-linux-riscv64-gnu":
      optional: true
    "@rollup/rollup-linux-riscv64-musl":
      optional: true
    "@rollup/rollup-linux-s390x-gnu":
      optional: true
    "@rollup/rollup-linux-x64-gnu":
      optional: true
    "@rollup/rollup-linux-x64-musl":
      optional: true
    "@rollup/rollup-openbsd-x64":
      optional: true
    "@rollup/rollup-openharmony-arm64":
      optional: true
    "@rollup/rollup-win32-arm64-msvc":
      optional: true
    "@rollup/rollup-win32-ia32-msvc":
      optional: true
    "@rollup/rollup-win32-x64-gnu":
      optional: true
    "@rollup/rollup-win32-x64-msvc":
      optional: true
    fsevents:
      optional: true
  bin:
    rollup: dist/bin/rollup
  checksum: 10c0/d83bcc89f02db337963dcd0b0d16620129cee263f8437464c02d782dde4e1bb89a6b5b511cd230317ce2c5959fb858884305a9a1a33d1d3da4eef9fe6368414b
  languageName: node
  linkType: hard

"semver@npm:^7.3.5":
  version: 7.8.5
  resolution: "semver@npm:7.8.5"
  bin:
    semver: bin/semver.js
  checksum: 10c0/b1f3127a5be8125a94f37188b361c212466c292c6910adce3ec106cff5dc211ccaedc4739c11bb70fda59d6fc1f040a9bca289f4e093451521a2372e5231fe0c
  languageName: node
  linkType: hard

"serverless-plugin-datadog-e2e@workspace:.":
  version: 0.0.0-use.local
  resolution: "serverless-plugin-datadog-e2e@workspace:."
  dependencies:
    "@datadog/datadog-api-client": "npm:^1.40.0"
    "@types/node": "npm:^20.19.0"
    typescript: "npm:^5.9.3"
    vitest: "npm:^2.1.9"
  languageName: unknown
  linkType: soft

"siginfo@npm:^2.0.0":
  version: 2.0.0
  resolution: "siginfo@npm:2.0.0"
  checksum: 10c0/3def8f8e516fbb34cb6ae415b07ccc5d9c018d85b4b8611e3dc6f8be6d1899f693a4382913c9ed51a06babb5201639d76453ab297d1c54a456544acf5c892e34
  languageName: node
  linkType: hard

"source-map-js@npm:^1.2.1":
  version: 1.2.1
  resolution: "source-map-js@npm:1.2.1"
  checksum: 10c0/7bda1fc4c197e3c6ff17de1b8b2c20e60af81b63a52cb32ec5a5d67a20a7d42651e2cb34ebe93833c5a2a084377e17455854fee3e21e7925c64a51b6a52b0faf
  languageName: node
  linkType: hard

"stackback@npm:0.0.2":
  version: 0.0.2
  resolution: "stackback@npm:0.0.2"
  checksum: 10c0/89a1416668f950236dd5ac9f9a6b2588e1b9b62b1b6ad8dff1bfc5d1a15dbf0aafc9b52d2226d00c28dffff212da464eaeebfc6b7578b9d180cef3e3782c5983
  languageName: node
  linkType: hard

"std-env@npm:^3.8.0":
  version: 3.10.0
  resolution: "std-env@npm:3.10.0"
  checksum: 10c0/1814927a45004d36dde6707eaf17552a546769bc79a6421be2c16ce77d238158dfe5de30910b78ec30d95135cc1c59ea73ee22d2ca170f8b9753f84da34c427f
  languageName: node
  linkType: hard

"tar@npm:^7.5.4":
  version: 7.5.22
  resolution: "tar@npm:7.5.22"
  dependencies:
    "@isaacs/fs-minipass": "npm:^4.0.0"
    chownr: "npm:^3.0.0"
    minipass: "npm:^7.1.2"
    minizlib: "npm:^3.1.0"
    yallist: "npm:^5.0.0"
  checksum: 10c0/1311f6be85a8157ac4c9147bae43e13923d2a1aae15e4aa1bd5239e4e03d2cf53cfe103dde7f35832fbb4c938b042856bc8e9a0afd29abd05e2d1608788c4fea
  languageName: node
  linkType: hard

"tinybench@npm:^2.9.0":
  version: 2.9.0
  resolution: "tinybench@npm:2.9.0"
  checksum: 10c0/c3500b0f60d2eb8db65250afe750b66d51623057ee88720b7f064894a6cb7eb93360ca824a60a31ab16dab30c7b1f06efe0795b352e37914a9d4bad86386a20c
  languageName: node
  linkType: hard

"tinyexec@npm:^0.3.1":
  version: 0.3.2
  resolution: "tinyexec@npm:0.3.2"
  checksum: 10c0/3efbf791a911be0bf0821eab37a3445c2ba07acc1522b1fa84ae1e55f10425076f1290f680286345ed919549ad67527d07281f1c19d584df3b74326909eb1f90
  languageName: node
  linkType: hard

"tinyglobby@npm:^0.2.12":
  version: 0.2.17
  resolution: "tinyglobby@npm:0.2.17"
  dependencies:
    fdir: "npm:^6.5.0"
    picomatch: "npm:^4.0.4"
  checksum: 10c0/7f7bb0f197c88bc4b20c231e0deca4240ca3bf313a88f5a7fee93a872b84966a4d50220947c0455ad07a60b3b360961c5b7fd979222aeb716a9f99b412002e4c
  languageName: node
  linkType: hard

"tinypool@npm:^1.0.1":
  version: 1.1.1
  resolution: "tinypool@npm:1.1.1"
  checksum: 10c0/bf26727d01443061b04fa863f571016950888ea994ba0cd8cba3a1c51e2458d84574341ab8dbc3664f1c3ab20885c8cf9ff1cc4b18201f04c2cde7d317fff69b
  languageName: node
  linkType: hard

"tinyrainbow@npm:^1.2.0":
  version: 1.2.0
  resolution: "tinyrainbow@npm:1.2.0"
  checksum: 10c0/7f78a4b997e5ba0f5ecb75e7ed786f30bab9063716e7dff24dd84013fb338802e43d176cb21ed12480561f5649a82184cf31efb296601a29d38145b1cdb4c192
  languageName: node
  linkType: hard

"tinyspy@npm:^3.0.2":
  version: 3.0.2
  resolution: "tinyspy@npm:3.0.2"
  checksum: 10c0/55ffad24e346622b59292e097c2ee30a63919d5acb7ceca87fc0d1c223090089890587b426e20054733f97a58f20af2c349fb7cc193697203868ab7ba00bcea0
  languageName: node
  linkType: hard

"tr46@npm:~0.0.3":
  version: 0.0.3
  resolution: "tr46@npm:0.0.3"
  checksum: 10c0/047cb209a6b60c742f05c9d3ace8fa510bff609995c129a37ace03476a9b12db4dbf975e74600830ef0796e18882b2381fb5fb1f6b4f96b832c374de3ab91a11
  languageName: node
  linkType: hard

"typescript@npm:^5.9.3":
  version: 5.9.3
  resolution: "typescript@npm:5.9.3"
  bin:
    tsc: bin/tsc
    tsserver: bin/tsserver
  checksum: 10c0/6bd7552ce39f97e711db5aa048f6f9995b53f1c52f7d8667c1abdc1700c68a76a308f579cd309ce6b53646deb4e9a1be7c813a93baaf0a28ccd536a30270e1c5
  languageName: node
  linkType: hard

"typescript@patch:typescript@npm%3A^5.9.3#optional!builtin<compat/typescript>":
  version: 5.9.3
  resolution: "typescript@patch:typescript@npm%3A5.9.3#optional!builtin<compat/typescript>::version=5.9.3&hash=5786d5"
  bin:
    tsc: bin/tsc
    tsserver: bin/tsserver
  checksum: 10c0/ad09fdf7a756814dce65bc60c1657b40d44451346858eea230e10f2e95a289d9183b6e32e5c11e95acc0ccc214b4f36289dcad4bf1886b0adb84d711d336a430
  languageName: node
  linkType: hard

"undici-types@npm:~6.21.0":
  version: 6.21.0
  resolution: "undici-types@npm:6.21.0"
  checksum: 10c0/c01ed51829b10aa72fc3ce64b747f8e74ae9b60eafa19a7b46ef624403508a54c526ffab06a14a26b3120d055e1104d7abe7c9017e83ced038ea5cf52f8d5e04
  languageName: node
  linkType: hard

"undici-types@npm:~8.3.0":
  version: 8.3.0
  resolution: "undici-types@npm:8.3.0"
  checksum: 10c0/c8aa7e2fbebfce519654dafadc0ece59be888d2ccaf180fb4495da875e7b536d2456345c384069c7e6f3e9c9ab7435f074957da306f142343eee86ff8048855a
  languageName: node
  linkType: hard

"undici@npm:^8.4.1":
  version: 8.10.0
  resolution: "undici@npm:8.10.0"
  checksum: 10c0/37ae2b1db8f65c3a003504e2040e96887b99f9db16ba07dcf49c37ed8b7f8c72f4452f2d46f52f7c9e49518fe8325e3b5e7e02ac3a2424886bd67d4b62a0ecab
  languageName: node
  linkType: hard

"vite-node@npm:2.1.9":
  version: 2.1.9
  resolution: "vite-node@npm:2.1.9"
  dependencies:
    cac: "npm:^6.7.14"
    debug: "npm:^4.3.7"
    es-module-lexer: "npm:^1.5.4"
    pathe: "npm:^1.1.2"
    vite: "npm:^5.0.0"
  bin:
    vite-node: vite-node.mjs
  checksum: 10c0/0d3589f9f4e9cff696b5b49681fdb75d1638c75053728be52b4013f70792f38cb0120a9c15e3a4b22bdd6b795ad7c2da13bcaf47242d439f0906049e73bdd756
  languageName: node
  linkType: hard

"vite@npm:^5.0.0":
  version: 5.4.21
  resolution: "vite@npm:5.4.21"
  dependencies:
    esbuild: "npm:^0.21.3"
    fsevents: "npm:~2.3.3"
    postcss: "npm:^8.4.43"
    rollup: "npm:^4.20.0"
  peerDependencies:
    "@types/node": ^18.0.0 || >=20.0.0
    less: "*"
    lightningcss: ^1.21.0
    sass: "*"
    sass-embedded: "*"
    stylus: "*"
    sugarss: "*"
    terser: ^5.4.0
  dependenciesMeta:
    fsevents:
      optional: true
  peerDependenciesMeta:
    "@types/node":
      optional: true
    less:
      optional: true
    lightningcss:
      optional: true
    sass:
      optional: true
    sass-embedded:
      optional: true
    stylus:
      optional: true
    sugarss:
      optional: true
    terser:
      optional: true
  bin:
    vite: bin/vite.js
  checksum: 10c0/468336a1409f728b464160cbf02672e72271fb688d0e605e776b74a89d27e1029509eef3a3a6c755928d8011e474dbf234824d054d07960be5f23cd176bc72de
  languageName: node
  linkType: hard

"vitest@npm:^2.1.9":
  version: 2.1.9
  resolution: "vitest@npm:2.1.9"
  dependencies:
    "@vitest/expect": "npm:2.1.9"
    "@vitest/mocker": "npm:2.1.9"
    "@vitest/pretty-format": "npm:^2.1.9"
    "@vitest/runner": "npm:2.1.9"
    "@vitest/snapshot": "npm:2.1.9"
    "@vitest/spy": "npm:2.1.9"
    "@vitest/utils": "npm:2.1.9"
    chai: "npm:^5.1.2"
    debug: "npm:^4.3.7"
    expect-type: "npm:^1.1.0"
    magic-string: "npm:^0.30.12"
    pathe: "npm:^1.1.2"
    std-env: "npm:^3.8.0"
    tinybench: "npm:^2.9.0"
    tinyexec: "npm:^0.3.1"
    tinypool: "npm:^1.0.1"
    tinyrainbow: "npm:^1.2.0"
    vite: "npm:^5.0.0"
    vite-node: "npm:2.1.9"
    why-is-node-running: "npm:^2.3.0"
  peerDependencies:
    "@edge-runtime/vm": "*"
    "@types/node": ^18.0.0 || >=20.0.0
    "@vitest/browser": 2.1.9
    "@vitest/ui": 2.1.9
    happy-dom: "*"
    jsdom: "*"
  peerDependenciesMeta:
    "@edge-runtime/vm":
      optional: true
    "@types/node":
      optional: true
    "@vitest/browser":
      optional: true
    "@vitest/ui":
      optional: true
    happy-dom:
      optional: true
    jsdom:
      optional: true
  bin:
    vitest: vitest.mjs
  checksum: 10c0/e339e16dccacf4589ff43cb1f38c7b4d14427956ae8ef48702af6820a9842347c2b6c77356aeddb040329759ca508a3cb2b104ddf78103ea5bc98ab8f2c3a54e
  languageName: node
  linkType: hard

"webidl-conversions@npm:^3.0.0":
  version: 3.0.1
  resolution: "webidl-conversions@npm:3.0.1"
  checksum: 10c0/5612d5f3e54760a797052eb4927f0ddc01383550f542ccd33d5238cfd65aeed392a45ad38364970d0a0f4fea32e1f4d231b3d8dac4a3bdd385e5cf802ae097db
  languageName: node
  linkType: hard

"whatwg-url@npm:^5.0.0":
  version: 5.0.0
  resolution: "whatwg-url@npm:5.0.0"
  dependencies:
    tr46: "npm:~0.0.3"
    webidl-conversions: "npm:^3.0.0"
  checksum: 10c0/1588bed84d10b72d5eec1d0faa0722ba1962f1821e7539c535558fb5398d223b0c50d8acab950b8c488b4ba69043fd833cc2697056b167d8ad46fac3995a55d5
  languageName: node
  linkType: hard

"which@npm:^7.0.0":
  version: 7.0.0
  resolution: "which@npm:7.0.0"
  dependencies:
    isexe: "npm:^4.0.0"
  bin:
    node-which: bin/which.js
  checksum: 10c0/ca0b54f198f78bbc4b7c02e34bda8d335cb352e0adb4cbca1c37b1a957af3a879a82c4c27ca6525bc942f548d8b64f816ef6528360af9f3de55ffb9b979b620d
  languageName: node
  linkType: hard

"why-is-node-running@npm:^2.3.0":
  version: 2.3.0
  resolution: "why-is-node-running@npm:2.3.0"
  dependencies:
    siginfo: "npm:^2.0.0"
    stackback: "npm:0.0.2"
  bin:
    why-is-node-running: cli.js
  checksum: 10c0/1cde0b01b827d2cf4cb11db962f3958b9175d5d9e7ac7361d1a7b0e2dc6069a263e69118bd974c4f6d0a890ef4eedfe34cf3d5167ec14203dbc9a18620537054
  languageName: node
  linkType: hard

"yallist@npm:^5.0.0":
  version: 5.0.0
  resolution: "yallist@npm:5.0.0"
  checksum: 10c0/a499c81ce6d4a1d260d4ea0f6d49ab4da09681e32c3f0472dee16667ed69d01dae63a3b81745a24bd78476ec4fcf856114cb4896ace738e01da34b2c42235416
  languageName: node
  linkType: hard
