# THIS IS AN AUTOGENERATED FILE. DO NOT EDIT THIS FILE DIRECTLY.
# yarn lockfile v1


serverless-plugin-datadog@^2.18.0:
  version "2.18.0"
  resolved "https://registry.yarnpkg.com/serverless-plugin-datadog/-/serverless-plugin-datadog-2.18.0.tgz#8af9903f0867eaac4789c3908e100f4c0e11c578"
  integrity sha512-RUdCNjUk+uUKQYgQBjK0WNeYJ7lM2/RScqg/LjVSfv5EACeJ3iIUPz1c4bS2jtiH05al8qXudNb6QDkv9zxG7w==
